
Microsoft Visual Studio Solution File, Format Version 12.00
# Visual Studio Version 17
VisualStudioVersion = 17.3.32922.545
MinimumVisualStudioVersion = 10.0.40219.1
Project("{9A19103F-16F7-4668-BE54-9A1E7A4F7556}") = "CSharp11Features", "CSharpTraining\CSharp11Features.csproj", "{A09FA9F1-D4B5-424A-8629-6B6E75554434}"
EndProject
Project("{9A19103F-16F7-4668-BE54-9A1E7A4F7556}") = "MyNewProject", "MyNewProject\MyNewProject.csproj", "{C5335246-646C-4482-BA15-724C88B6D574}"
EndProject
Global
	GlobalSection(SolutionConfigurationPlatforms) = preSolution
		Debug|Any CPU = Debug|Any CPU
		Release|Any CPU = Release|Any CPU
	EndGlobalSection
	GlobalSection(ProjectConfigurationPlatforms) = postSolution
		{A09FA9F1-D4B5-424A-8629-6B6E75554434}.Debug|Any CPU.ActiveCfg = Debug|Any CPU
		{A09FA9F1-D4B5-424A-8629-6B6E75554434}.Debug|Any CPU.Build.0 = Debug|Any CPU
		{A09FA9F1-D4B5-424A-8629-6B6E75554434}.Release|Any CPU.ActiveCfg = Release|Any CPU
		{A09FA9F1-D4B5-424A-8629-6B6E75554434}.Release|Any CPU.Build.0 = Release|Any CPU
		{C5335246-646C-4482-BA15-724C88B6D574}.Debug|Any CPU.ActiveCfg = Debug|Any CPU
		{C5335246-646C-4482-BA15-724C88B6D574}.Debug|Any CPU.Build.0 = Debug|Any CPU
		{C5335246-646C-4482-BA15-724C88B6D574}.Release|Any CPU.ActiveCfg = Release|Any CPU
		{C5335246-646C-4482-BA15-724C88B6D574}.Release|Any CPU.Build.0 = Release|Any CPU
	EndGlobalSection
	GlobalSection(SolutionProperties) = preSolution
		HideSolutionNode = FALSE
	EndGlobalSection
	GlobalSection(ExtensibilityGlobals) = postSolution
		SolutionGuid = {16EF2FDB-DDFA-445E-B03E-24D4BA91D5A4}
	EndGlobalSection
EndGlobal
